{
  "version": 4,
  "terraform_version": "1.5.6",
  "serial": 152,
  "lineage": "76be5e68-2762-ec71-ddd1-0d30bee9d7ea",
  "outputs": {},
  "resources": [
    {
      "module": "module.Networking",
      "mode": "managed",
      "type": "azurerm_bastion_host",
      "name": "bastion",
      "provider": "provider[\"registry.terraform.io/hashicorp/azurerm\"]",
      "instances": [
        {
          "schema_version": 0,
          "attributes": {
            "copy_paste_enabled": true,
            "dns_name": "bst-9282b6ba-abaa-448e-9877-a2f94accfe43.bastion.azure.com",
            "file_copy_enabled": false,
            "id": "/subscriptions/b98a4ecc-db16-46cc-9fdd-d725310cda6a/resourceGroups/RSARG/providers/Microsoft.Network/bastionHosts/example-bastion",
            "ip_configuration": [
              {
                "name": "configuration",
                "public_ip_address_id": "/subscriptions/b98a4ecc-db16-46cc-9fdd-d725310cda6a/resourceGroups/RSARG/providers/Microsoft.Network/publicIPAddresses/BastionIP",
                "subnet_id": "/subscriptions/b98a4ecc-db16-46cc-9fdd-d725310cda6a/resourceGroups/RSARG/providers/Microsoft.Network/virtualNetworks/VN1/subnets/AzureBastionSubnet"
              }
            ],
            "ip_connect_enabled": false,
            "kerberos_enabled": false,
            "location": "eastus",
            "name": "example-bastion",
            "resource_group_name": "RSARG",
            "scale_units": 2,
            "session_recording_enabled": false,
            "shareable_link_enabled": false,
            "sku": "Basic",
            "tags": {},
            "timeouts": null,
            "tunneling_enabled": false,
            "virtual_network_id": "",
            "zones": []
          },
          "sensitive_attributes": [],
          "private": "eyJlMmJmYjczMC1lY2FhLTExZTYtOGY4OC0zNDM2M2JjN2M0YzAiOnsiY3JlYXRlIjoxODAwMDAwMDAwMDAwLCJkZWxldGUiOjE4MDAwMDAwMDAwMDAsInJlYWQiOjMwMDAwMDAwMDAwMCwidXBkYXRlIjoxODAwMDAwMDAwMDAwfX0=",
          "dependencies": [
            "module.Networking.azurerm_public_ip.bastionIP",
            "module.Networking.azurerm_subnet.bastion_subnet"
          ]
        }
      ]
    },
    {
      "module": "module.Networking",
      "mode": "managed",
      "type": "azurerm_linux_function_app",
      "name": "function_app",
      "provider": "provider[\"registry.terraform.io/hashicorp/azurerm\"]",
      "instances": [
        {
          "schema_version": 1,
          "attributes": {
            "app_settings": {
              "FUNCTIONS_WORKER_RUNTIME": "dotnet-isolated"
            },
            "auth_settings": [],
            "auth_settings_v2": [],
            "backup": [],
            "builtin_logging_enabled": true,
            "client_certificate_enabled": false,
            "client_certificate_exclusion_paths": "",
            "client_certificate_mode": "Optional",
            "connection_string": [],
            "content_share_force_disabled": false,
            "custom_domain_verification_id": "630AAA9AB5BD5DA39DBECC0D4F6384E183121E6790DB16782442B2C8BC674FEC",
            "daily_memory_time_quota": 0,
            "default_hostname": "rsa-function-app.azurewebsites.net",
            "enabled": true,
            "ftp_publish_basic_authentication_enabled": true,
            "functions_extension_version": "~4",
            "hosting_environment_id": "",
            "https_only": false,
            "id": "/subscriptions/b98a4ecc-db16-46cc-9fdd-d725310cda6a/resourceGroups/RSARG/providers/Microsoft.Web/sites/RSA-function-app",
            "identity": [],
            "key_vault_reference_identity_id": "SystemAssigned",
            "kind": "functionapp,linux",
            "location": "eastus",
            "name": "RSA-function-app",
            "outbound_ip_address_list": [
              "172.214.121.163",
              "172.214.121.182",
              "172.214.123.109",
              "172.214.123.158",
              "172.214.124.37",
              "172.214.124.98",
              "20.119.16.60"
            ],
            "outbound_ip_addresses": "172.214.121.163,172.214.121.182,172.214.123.109,172.214.123.158,172.214.124.37,172.214.124.98,20.119.16.60",
            "possible_outbound_ip_address_list": [
              "172.214.125.194",
              "172.214.125.228",
              "172.214.126.17",
              "172.214.126.62",
              "172.214.126.172",
              "172.214.126.185",
              "51.8.242.78",
              "51.8.246.183",
              "51.8.247.120",
              "172.214.120.70",
              "172.214.121.5",
              "172.214.121.53",
              "172.214.121.163",
              "172.214.121.182",
              "172.214.123.109",
              "172.214.123.158",
              "172.214.124.37",
              "172.214.124.98",
              "172.214.124.239",
              "172.214.125.15",
              "172.214.125.38",
              "172.214.125.77",
              "172.214.125.119",
              "172.214.125.143",
              "172.214.126.188",
              "172.214.126.191",
              "172.214.126.238",
              "172.214.127.83",
              "172.214.127.98",
              "172.214.127.162",
              "20.119.16.60"
            ],
            "possible_outbound_ip_addresses": "172.214.125.194,172.214.125.228,172.214.126.17,172.214.126.62,172.214.126.172,172.214.126.185,51.8.242.78,51.8.246.183,51.8.247.120,172.214.120.70,172.214.121.5,172.214.121.53,172.214.121.163,172.214.121.182,172.214.123.109,172.214.123.158,172.214.124.37,172.214.124.98,172.214.124.239,172.214.125.15,172.214.125.38,172.214.125.77,172.214.125.119,172.214.125.143,172.214.126.188,172.214.126.191,172.214.126.238,172.214.127.83,172.214.127.98,172.214.127.162,20.119.16.60",
            "public_network_access_enabled": true,
            "resource_group_name": "RSARG",
            "service_plan_id": "/subscriptions/b98a4ecc-db16-46cc-9fdd-d725310cda6a/resourceGroups/RSARG/providers/Microsoft.Web/serverFarms/RSA-app-service-plan",
            "site_config": [
              {
                "always_on": true,
                "api_definition_url": "",
                "api_management_api_id": "",
                "app_command_line": "",
                "app_scale_limit": 0,
                "app_service_logs": [],
                "application_insights_connection_string": "",
                "application_insights_key": "",
                "application_stack": [],
                "container_registry_managed_identity_client_id": "",
                "container_registry_use_managed_identity": false,
                "cors": [],
                "default_documents": [
                  "Default.htm",
                  "Default.html",
                  "Default.asp",
                  "index.htm",
                  "index.html",
                  "iisstart.htm",
                  "default.aspx",
                  "index.php"
                ],
                "detailed_error_logging_enabled": false,
                "elastic_instance_minimum": 1,
                "ftps_state": "Disabled",
                "health_check_eviction_time_in_min": 0,
                "health_check_path": "",
                "http2_enabled": false,
                "ip_restriction": [
                  {
                    "action": "Allow",
                    "description": "",
                    "headers": [],
                    "ip_address": "10.0.1.5",
                    "name": "allow-windows-server",
                    "priority": 100,
                    "service_tag": "",
                    "virtual_network_subnet_id": ""
                  },
                  {
                    "action": "Deny",
                    "description": "",
                    "headers": [],
                    "ip_address": "",
                    "name": "deny-all",
                    "priority": 300,
                    "service_tag": "",
                    "virtual_network_subnet_id": ""
                  }
                ],
                "ip_restriction_default_action": "Allow",
                "linux_fx_version": "",
                "load_balancing_mode": "LeastRequests",
                "managed_pipeline_mode": "Integrated",
                "minimum_tls_version": "1.2",
                "pre_warmed_instance_count": 0,
                "remote_debugging_enabled": false,
                "remote_debugging_version": "",
                "runtime_scale_monitoring_enabled": false,
                "scm_ip_restriction": [],
                "scm_ip_restriction_default_action": "Allow",
                "scm_minimum_tls_version": "1.2",
                "scm_type": "None",
                "scm_use_main_ip_restriction": false,
                "use_32_bit_worker": false,
                "vnet_route_all_enabled": false,
                "websockets_enabled": false,
                "worker_count": 1
              }
            ],
            "site_credential": [
              {
                "name": "$RSA-function-app",
                "password": "nluRZsq53Dk2sq6NB78il7CH4txJjxvx9lf0NDvPXvwwg1oh20p2GbYvF41x"
              }
            ],
            "sticky_settings": [],
            "storage_account": [],
            "storage_account_access_key": "pxw3m/8poWdrAihbw1K7fB/iPblDmGqsAZmkZDg1CXy6hs8Ki2Zms1fS+EobdkGjek1XuByfTcg5+AStZZM0Tw==",
            "storage_account_name": "rsasa2unique123say",
            "storage_key_vault_secret_id": "",
            "storage_uses_managed_identity": false,
            "tags": {},
            "timeouts": null,
            "virtual_network_subnet_id": "",
            "vnet_image_pull_enabled": false,
            "webdeploy_publish_basic_authentication_enabled": true,
            "zip_deploy_file": ""
          },
          "sensitive_attributes": [
            [
              {
                "type": "get_attr",
                "value": "storage_account_access_key"
              }
            ]
          ],
          "private": "eyJlMmJmYjczMC1lY2FhLTExZTYtOGY4OC0zNDM2M2JjN2M0YzAiOnsiY3JlYXRlIjoxODAwMDAwMDAwMDAwLCJkZWxldGUiOjE4MDAwMDAwMDAwMDAsInJlYWQiOjMwMDAwMDAwMDAwMCwidXBkYXRlIjoxODAwMDAwMDAwMDAwfSwic2NoZW1hX3ZlcnNpb24iOiIxIn0=",
          "dependencies": [
            "module.Networking.azurerm_resource_group.RG1",
            "module.Networking.azurerm_service_plan.APPSplan",
            "module.Networking.azurerm_storage_account.StorageRSA"
          ]
        }
      ]
    },
    {
      "module": "module.Networking",
      "mode": "managed",
      "type": "azurerm_network_interface",
      "name": "vm_nic",
      "provider": "provider[\"registry.terraform.io/hashicorp/azurerm\"]",
      "instances": [
        {
          "schema_version": 0,
          "attributes": {
            "accelerated_networking_enabled": false,
            "applied_dns_servers": [],
            "auxiliary_mode": "",
            "auxiliary_sku": "",
            "dns_servers": [],
            "edge_zone": "",
            "id": "/subscriptions/b98a4ecc-db16-46cc-9fdd-d725310cda6a/resourceGroups/RSARG/providers/Microsoft.Network/networkInterfaces/windows-vm-nic",
            "internal_dns_name_label": "",
            "internal_domain_name_suffix": "oxjbimufso4e5pache3tnlpupg.bx.internal.cloudapp.net",
            "ip_configuration": [
              {
                "gateway_load_balancer_frontend_ip_configuration_id": "",
                "name": "vm-ip-configuration",
                "primary": true,
                "private_ip_address": "10.0.1.5",
                "private_ip_address_allocation": "Dynamic",
                "private_ip_address_version": "IPv4",
                "public_ip_address_id": "",
                "subnet_id": "/subscriptions/b98a4ecc-db16-46cc-9fdd-d725310cda6a/resourceGroups/RSARG/providers/Microsoft.Network/virtualNetworks/VN1/subnets/app-subnet"
              }
            ],
            "ip_forwarding_enabled": false,
            "location": "eastus",
            "mac_address": "60-45-BD-DC-91-40",
            "name": "windows-vm-nic",
            "private_ip_address": "10.0.1.5",
            "private_ip_addresses": [
              "10.0.1.5"
            ],
            "resource_group_name": "RSARG",
            "tags": {},
            "timeouts": null,
            "virtual_machine_id": "/subscriptions/b98a4ecc-db16-46cc-9fdd-d725310cda6a/resourceGroups/RSARG/providers/Microsoft.Compute/virtualMachines/windows-vm"
          },
          "sensitive_attributes": [],
          "private": "eyJlMmJmYjczMC1lY2FhLTExZTYtOGY4OC0zNDM2M2JjN2M0YzAiOnsiY3JlYXRlIjoxODAwMDAwMDAwMDAwLCJkZWxldGUiOjE4MDAwMDAwMDAwMDAsInJlYWQiOjMwMDAwMDAwMDAwMCwidXBkYXRlIjoxODAwMDAwMDAwMDAwfX0=",
          "dependencies": [
            "module.Networking.azurerm_bastion_host.bastion",
            "module.Networking.azurerm_public_ip.bastionIP",
            "module.Networking.azurerm_subnet.app_subnet",
            "module.Networking.azurerm_subnet.bastion_subnet"
          ]
        }
      ]
    },
    {
      "module": "module.Networking",
      "mode": "managed",
      "type": "azurerm_network_security_group",
      "name": "NSG1",
      "provider": "provider[\"registry.terraform.io/hashicorp/azurerm\"]",
      "instances": [
        {
          "schema_version": 0,
          "attributes": {
            "id": "/subscriptions/b98a4ecc-db16-46cc-9fdd-d725310cda6a/resourceGroups/RSARG/providers/Microsoft.Network/networkSecurityGroups/NSG1",
            "location": "eastus",
            "name": "NSG1",
            "resource_group_name": "RSARG",
            "security_rule": [],
            "tags": {},
            "timeouts": null
          },
          "sensitive_attributes": [],
          "private": "eyJlMmJmYjczMC1lY2FhLTExZTYtOGY4OC0zNDM2M2JjN2M0YzAiOnsiY3JlYXRlIjoxODAwMDAwMDAwMDAwLCJkZWxldGUiOjE4MDAwMDAwMDAwMDAsInJlYWQiOjMwMDAwMDAwMDAwMCwidXBkYXRlIjoxODAwMDAwMDAwMDAwfX0=",
          "dependencies": [
            "module.Networking.azurerm_resource_group.RG1"
          ]
        }
      ]
    },
    {
      "module": "module.Networking",
      "mode": "managed",
      "type": "azurerm_network_security_group",
      "name": "nsg_apps",
      "provider": "provider[\"registry.terraform.io/hashicorp/azurerm\"]",
      "instances": [
        {
          "schema_version": 0,
          "attributes": {
            "id": "/subscriptions/b98a4ecc-db16-46cc-9fdd-d725310cda6a/resourceGroups/RSARG/providers/Microsoft.Network/networkSecurityGroups/apps-nsg",
            "location": "eastus",
            "name": "apps-nsg",
            "resource_group_name": "RSARG",
            "security_rule": [
              {
                "access": "Allow",
                "description": "",
                "destination_address_prefix": "*",
                "destination_address_prefixes": [],
                "destination_application_security_group_ids": [],
                "destination_port_range": "443",
                "destination_port_ranges": [],
                "direction": "Inbound",
                "name": "AllowAnyHTTPSInbound",
                "priority": 100,
                "protocol": "Tcp",
                "source_address_prefix": "*",
                "source_address_prefixes": [],
                "source_application_security_group_ids": [],
                "source_port_range": "*",
                "source_port_ranges": []
              },
              {
                "access": "Allow",
                "description": "",
                "destination_address_prefix": "*",
                "destination_address_prefixes": [],
                "destination_application_security_group_ids": [],
                "destination_port_range": "443",
                "destination_port_ranges": [],
                "direction": "Outbound",
                "name": "AllowAnyHTTPSOutbound",
                "priority": 110,
                "protocol": "Tcp",
                "source_address_prefix": "*",
                "source_address_prefixes": [],
                "source_application_security_group_ids": [],
                "source_port_range": "*",
                "source_port_ranges": []
              },
              {
                "access": "Deny",
                "description": "",
                "destination_address_prefix": "*",
                "destination_address_prefixes": [],
                "destination_application_security_group_ids": [],
                "destination_port_range": "*",
                "destination_port_ranges": [],
                "direction": "Inbound",
                "name": "Deny-All-Inbound",
                "priority": 200,
                "protocol": "*",
                "source_address_prefix": "*",
                "source_address_prefixes": [],
                "source_application_security_group_ids": [],
                "source_port_range": "*",
                "source_port_ranges": []
              }
            ],
            "tags": {},
            "timeouts": null
          },
          "sensitive_attributes": [],
          "private": "eyJlMmJmYjczMC1lY2FhLTExZTYtOGY4OC0zNDM2M2JjN2M0YzAiOnsiY3JlYXRlIjoxODAwMDAwMDAwMDAwLCJkZWxldGUiOjE4MDAwMDAwMDAwMDAsInJlYWQiOjMwMDAwMDAwMDAwMCwidXBkYXRlIjoxODAwMDAwMDAwMDAwfX0=",
          "dependencies": [
            "module.Networking.azurerm_subnet.app_subnet"
          ]
        }
      ]
    },
    {
      "module": "module.Networking",
      "mode": "managed",
      "type": "azurerm_network_security_rule",
      "name": "deny_all_inbound",
      "provider": "provider[\"registry.terraform.io/hashicorp/azurerm\"]",
      "instances": [
        {
          "schema_version": 0,
          "attributes": {
            "access": "Deny",
            "description": "",
            "destination_address_prefix": "*",
            "destination_address_prefixes": [],
            "destination_application_security_group_ids": [],
            "destination_port_range": "*",
            "destination_port_ranges": [],
            "direction": "Inbound",
            "id": "/subscriptions/b98a4ecc-db16-46cc-9fdd-d725310cda6a/resourceGroups/RSARG/providers/Microsoft.Network/networkSecurityGroups/apps-nsg/securityRules/Deny-All-Inbound",
            "name": "Deny-All-Inbound",
            "network_security_group_name": "apps-nsg",
            "priority": 200,
            "protocol": "*",
            "resource_group_name": "RSARG",
            "source_address_prefix": "*",
            "source_address_prefixes": [],
            "source_application_security_group_ids": [],
            "source_port_range": "*",
            "source_port_ranges": [],
            "timeouts": null
          },
          "sensitive_attributes": [],
          "private": "eyJlMmJmYjczMC1lY2FhLTExZTYtOGY4OC0zNDM2M2JjN2M0YzAiOnsiY3JlYXRlIjoxODAwMDAwMDAwMDAwLCJkZWxldGUiOjE4MDAwMDAwMDAwMDAsInJlYWQiOjMwMDAwMDAwMDAwMCwidXBkYXRlIjoxODAwMDAwMDAwMDAwfX0=",
          "dependencies": [
            "module.Networking.azurerm_network_security_group.NSG1",
            "module.Networking.azurerm_network_security_group.nsg_apps",
            "module.Networking.azurerm_resource_group.RG1",
            "module.Networking.azurerm_subnet.app_subnet",
            "module.Networking.azurerm_virtual_network.VN1"
          ]
        }
      ]
    },
    {
      "module": "module.Networking",
      "mode": "managed",
      "type": "azurerm_private_endpoint",
      "name": "function_app_endpoint",
      "provider": "provider[\"registry.terraform.io/hashicorp/azurerm\"]",
      "instances": [
        {
          "schema_version": 0,
          "attributes": {
            "custom_dns_configs": [
              {
                "fqdn": "rsa-function-app.azurewebsites.net",
                "ip_addresses": [
                  "10.0.1.4"
                ]
              },
              {
                "fqdn": "rsa-function-app.scm.azurewebsites.net",
                "ip_addresses": [
                  "10.0.1.4"
                ]
              }
            ],
            "custom_network_interface_name": "",
            "id": "/subscriptions/b98a4ecc-db16-46cc-9fdd-d725310cda6a/resourceGroups/RSARG/providers/Microsoft.Network/privateEndpoints/function-app-private-endpoint",
            "ip_configuration": [],
            "location": "eastus",
            "name": "function-app-private-endpoint",
            "network_interface": [
              {
                "id": "/subscriptions/b98a4ecc-db16-46cc-9fdd-d725310cda6a/resourceGroups/RSARG/providers/Microsoft.Network/networkInterfaces/function-app-private-endpoint.nic.7161e87f-a101-4215-a764-2a7fdecaa827",
                "name": "function-app-private-endpoint.nic.7161e87f-a101-4215-a764-2a7fdecaa827"
              }
            ],
            "private_dns_zone_configs": [],
            "private_dns_zone_group": [],
            "private_service_connection": [
              {
                "is_manual_connection": false,
                "name": "function-app-connection",
                "private_connection_resource_alias": "",
                "private_connection_resource_id": "/subscriptions/b98a4ecc-db16-46cc-9fdd-d725310cda6a/resourceGroups/RSARG/providers/Microsoft.Web/sites/RSA-function-app",
                "private_ip_address": "10.0.1.4",
                "request_message": "",
                "subresource_names": [
                  "sites"
                ]
              }
            ],
            "resource_group_name": "RSARG",
            "subnet_id": "/subscriptions/b98a4ecc-db16-46cc-9fdd-d725310cda6a/resourceGroups/RSARG/providers/Microsoft.Network/virtualNetworks/VN1/subnets/app-subnet",
            "tags": {
              "creationdate": "28-Jan-2025",
              "creator": "sayantan.chakraborty@rackspace.com",
              "hidden-automation-creationdate": "28-Jan-2025",
              "hidden-automation-creator": "sayantan.chakraborty@rackspace.com"
            },
            "timeouts": null
          },
          "sensitive_attributes": [],
          "private": "eyJlMmJmYjczMC1lY2FhLTExZTYtOGY4OC0zNDM2M2JjN2M0YzAiOnsiY3JlYXRlIjozNjAwMDAwMDAwMDAwLCJkZWxldGUiOjM2MDAwMDAwMDAwMDAsInJlYWQiOjMwMDAwMDAwMDAwMCwidXBkYXRlIjozNjAwMDAwMDAwMDAwfX0=",
          "dependencies": [
            "module.Networking.azurerm_linux_function_app.function_app",
            "module.Networking.azurerm_network_security_group.NSG1",
            "module.Networking.azurerm_resource_group.RG1",
            "module.Networking.azurerm_service_plan.APPSplan",
            "module.Networking.azurerm_storage_account.StorageRSA",
            "module.Networking.azurerm_subnet.app_subnet",
            "module.Networking.azurerm_virtual_network.VN1"
          ]
        }
      ]
    },
    {
      "module": "module.Networking",
      "mode": "managed",
      "type": "azurerm_public_ip",
      "name": "bastionIP",
      "provider": "provider[\"registry.terraform.io/hashicorp/azurerm\"]",
      "instances": [
        {
          "schema_version": 0,
          "attributes": {
            "allocation_method": "Static",
            "ddos_protection_mode": "VirtualNetworkInherited",
            "ddos_protection_plan_id": null,
            "domain_name_label": null,
            "domain_name_label_scope": null,
            "edge_zone": "",
            "fqdn": null,
            "id": "/subscriptions/b98a4ecc-db16-46cc-9fdd-d725310cda6a/resourceGroups/RSARG/providers/Microsoft.Network/publicIPAddresses/BastionIP",
            "idle_timeout_in_minutes": 4,
            "ip_address": "20.169.180.26",
            "ip_tags": {},
            "ip_version": "IPv4",
            "location": "eastus",
            "name": "BastionIP",
            "public_ip_prefix_id": null,
            "resource_group_name": "RSARG",
            "reverse_fqdn": null,
            "sku": "Standard",
            "sku_tier": "Regional",
            "tags": {},
            "timeouts": null,
            "zones": []
          },
          "sensitive_attributes": [],
          "private": "eyJlMmJmYjczMC1lY2FhLTExZTYtOGY4OC0zNDM2M2JjN2M0YzAiOnsiY3JlYXRlIjoxODAwMDAwMDAwMDAwLCJkZWxldGUiOjE4MDAwMDAwMDAwMDAsInJlYWQiOjMwMDAwMDAwMDAwMCwidXBkYXRlIjoxODAwMDAwMDAwMDAwfX0=",
          "dependencies": [
            "module.Networking.azurerm_subnet.bastion_subnet"
          ]
        }
      ]
    },
    {
      "module": "module.Networking",
      "mode": "managed",
      "type": "azurerm_resource_group",
      "name": "RG1",
      "provider": "provider[\"registry.terraform.io/hashicorp/azurerm\"]",
      "instances": [
        {
          "schema_version": 0,
          "attributes": {
            "id": "/subscriptions/b98a4ecc-db16-46cc-9fdd-d725310cda6a/resourceGroups/RSARG",
            "location": "eastus",
            "managed_by": "",
            "name": "RSARG",
            "tags": {},
            "timeouts": null
          },
          "sensitive_attributes": [],
          "private": "eyJlMmJmYjczMC1lY2FhLTExZTYtOGY4OC0zNDM2M2JjN2M0YzAiOnsiY3JlYXRlIjo1NDAwMDAwMDAwMDAwLCJkZWxldGUiOjU0MDAwMDAwMDAwMDAsInJlYWQiOjMwMDAwMDAwMDAwMCwidXBkYXRlIjo1NDAwMDAwMDAwMDAwfX0="
        }
      ]
    },
    {
      "module": "module.Networking",
      "mode": "managed",
      "type": "azurerm_service_plan",
      "name": "APPSplan",
      "provider": "provider[\"registry.terraform.io/hashicorp/azurerm\"]",
      "instances": [
        {
          "schema_version": 1,
          "attributes": {
            "app_service_environment_id": "",
            "id": "/subscriptions/b98a4ecc-db16-46cc-9fdd-d725310cda6a/resourceGroups/RSARG/providers/Microsoft.Web/serverFarms/RSA-app-service-plan",
            "kind": "linux",
            "location": "eastus",
            "maximum_elastic_worker_count": 1,
            "name": "RSA-app-service-plan",
            "os_type": "Linux",
            "per_site_scaling_enabled": false,
            "reserved": true,
            "resource_group_name": "RSARG",
            "sku_name": "P1v2",
            "tags": {},
            "timeouts": null,
            "worker_count": 1,
            "zone_balancing_enabled": false
          },
          "sensitive_attributes": [],
          "private": "eyJlMmJmYjczMC1lY2FhLTExZTYtOGY4OC0zNDM2M2JjN2M0YzAiOnsiY3JlYXRlIjozNjAwMDAwMDAwMDAwLCJkZWxldGUiOjM2MDAwMDAwMDAwMDAsInJlYWQiOjMwMDAwMDAwMDAwMCwidXBkYXRlIjozNjAwMDAwMDAwMDAwfSwic2NoZW1hX3ZlcnNpb24iOiIxIn0=",
          "dependencies": [
            "module.Networking.azurerm_resource_group.RG1",
            "module.Networking.azurerm_storage_account.StorageRSA"
          ]
        }
      ]
    },
    {
      "module": "module.Networking",
      "mode": "managed",
      "type": "azurerm_storage_account",
      "name": "StorageRSA",
      "provider": "provider[\"registry.terraform.io/hashicorp/azurerm\"]",
      "instances": [
        {
          "schema_version": 4,
          "attributes": {
            "access_tier": "Hot",
            "account_kind": "StorageV2",
            "account_replication_type": "LRS",
            "account_tier": "Standard",
            "allow_nested_items_to_be_public": true,
            "allowed_copy_scope": "",
            "azure_files_authentication": [],
            "blob_properties": [
              {
                "change_feed_enabled": false,
                "change_feed_retention_in_days": 0,
                "container_delete_retention_policy": [],
                "cors_rule": [],
                "default_service_version": "",
                "delete_retention_policy": [],
                "last_access_time_enabled": false,
                "restore_policy": [],
                "versioning_enabled": false
              }
            ],
            "cross_tenant_replication_enabled": false,
            "custom_domain": [],
            "customer_managed_key": [],
            "default_to_oauth_authentication": false,
            "dns_endpoint_type": "Standard",
            "edge_zone": "",
            "https_traffic_only_enabled": true,
            "id": "/subscriptions/b98a4ecc-db16-46cc-9fdd-d725310cda6a/resourceGroups/RSARG/providers/Microsoft.Storage/storageAccounts/rsasa2unique123say",
            "identity": [],
            "immutability_policy": [],
            "infrastructure_encryption_enabled": false,
            "is_hns_enabled": false,
            "large_file_share_enabled": false,
            "local_user_enabled": true,
            "location": "eastus",
            "min_tls_version": "TLS1_2",
            "name": "rsasa2unique123say",
            "network_rules": [],
            "nfsv3_enabled": false,
            "primary_access_key": "pxw3m/8poWdrAihbw1K7fB/iPblDmGqsAZmkZDg1CXy6hs8Ki2Zms1fS+EobdkGjek1XuByfTcg5+AStZZM0Tw==",
            "primary_blob_connection_string": "DefaultEndpointsProtocol=https;BlobEndpoint=https://rsasa2unique123say.blob.core.windows.net/;AccountName=rsasa2unique123say;AccountKey=pxw3m/8poWdrAihbw1K7fB/iPblDmGqsAZmkZDg1CXy6hs8Ki2Zms1fS+EobdkGjek1XuByfTcg5+AStZZM0Tw==",
            "primary_blob_endpoint": "https://rsasa2unique123say.blob.core.windows.net/",
            "primary_blob_host": "rsasa2unique123say.blob.core.windows.net",
            "primary_blob_internet_endpoint": "",
            "primary_blob_internet_host": "",
            "primary_blob_microsoft_endpoint": "",
            "primary_blob_microsoft_host": "",
            "primary_connection_string": "DefaultEndpointsProtocol=https;AccountName=rsasa2unique123say;AccountKey=pxw3m/8poWdrAihbw1K7fB/iPblDmGqsAZmkZDg1CXy6hs8Ki2Zms1fS+EobdkGjek1XuByfTcg5+AStZZM0Tw==;EndpointSuffix=core.windows.net",
            "primary_dfs_endpoint": "https://rsasa2unique123say.dfs.core.windows.net/",
            "primary_dfs_host": "rsasa2unique123say.dfs.core.windows.net",
            "primary_dfs_internet_endpoint": "",
            "primary_dfs_internet_host": "",
            "primary_dfs_microsoft_endpoint": "",
            "primary_dfs_microsoft_host": "",
            "primary_file_endpoint": "https://rsasa2unique123say.file.core.windows.net/",
            "primary_file_host": "rsasa2unique123say.file.core.windows.net",
            "primary_file_internet_endpoint": "",
            "primary_file_internet_host": "",
            "primary_file_microsoft_endpoint": "",
            "primary_file_microsoft_host": "",
            "primary_location": "eastus",
            "primary_queue_endpoint": "https://rsasa2unique123say.queue.core.windows.net/",
            "primary_queue_host": "rsasa2unique123say.queue.core.windows.net",
            "primary_queue_microsoft_endpoint": "",
            "primary_queue_microsoft_host": "",
            "primary_table_endpoint": "https://rsasa2unique123say.table.core.windows.net/",
            "primary_table_host": "rsasa2unique123say.table.core.windows.net",
            "primary_table_microsoft_endpoint": "",
            "primary_table_microsoft_host": "",
            "primary_web_endpoint": "https://rsasa2unique123say.z13.web.core.windows.net/",
            "primary_web_host": "rsasa2unique123say.z13.web.core.windows.net",
            "primary_web_internet_endpoint": "",
            "primary_web_internet_host": "",
            "primary_web_microsoft_endpoint": "",
            "primary_web_microsoft_host": "",
            "public_network_access_enabled": true,
            "queue_encryption_key_type": "Service",
            "queue_properties": [
              {
                "cors_rule": [],
                "hour_metrics": [
                  {
                    "enabled": true,
                    "include_apis": true,
                    "retention_policy_days": 7,
                    "version": "1.0"
                  }
                ],
                "logging": [
                  {
                    "delete": false,
                    "read": false,
                    "retention_policy_days": 0,
                    "version": "1.0",
                    "write": false
                  }
                ],
                "minute_metrics": [
                  {
                    "enabled": false,
                    "include_apis": false,
                    "retention_policy_days": 0,
                    "version": "1.0"
                  }
                ]
              }
            ],
            "resource_group_name": "RSARG",
            "routing": [],
            "sas_policy": [],
            "secondary_access_key": "zVXDpnGiXofdWbLOvUjKTNeGG87PBFiUWbZYtpg+Fv4IrgAAcpYN6ZhoTuegOwSU/m5BOMEyOwa/+AStx5Xlbg==",
            "secondary_blob_connection_string": "",
            "secondary_blob_endpoint": "",
            "secondary_blob_host": "",
            "secondary_blob_internet_endpoint": "",
            "secondary_blob_internet_host": "",
            "secondary_blob_microsoft_endpoint": "",
            "secondary_blob_microsoft_host": "",
            "secondary_connection_string": "DefaultEndpointsProtocol=https;AccountName=rsasa2unique123say;AccountKey=zVXDpnGiXofdWbLOvUjKTNeGG87PBFiUWbZYtpg+Fv4IrgAAcpYN6ZhoTuegOwSU/m5BOMEyOwa/+AStx5Xlbg==;EndpointSuffix=core.windows.net",
            "secondary_dfs_endpoint": "",
            "secondary_dfs_host": "",
            "secondary_dfs_internet_endpoint": "",
            "secondary_dfs_internet_host": "",
            "secondary_dfs_microsoft_endpoint": "",
            "secondary_dfs_microsoft_host": "",
            "secondary_file_endpoint": "",
            "secondary_file_host": "",
            "secondary_file_internet_endpoint": "",
            "secondary_file_internet_host": "",
            "secondary_file_microsoft_endpoint": "",
            "secondary_file_microsoft_host": "",
            "secondary_location": "",
            "secondary_queue_endpoint": "",
            "secondary_queue_host": "",
            "secondary_queue_microsoft_endpoint": "",
            "secondary_queue_microsoft_host": "",
            "secondary_table_endpoint": "",
            "secondary_table_host": "",
            "secondary_table_microsoft_endpoint": "",
            "secondary_table_microsoft_host": "",
            "secondary_web_endpoint": "",
            "secondary_web_host": "",
            "secondary_web_internet_endpoint": "",
            "secondary_web_internet_host": "",
            "secondary_web_microsoft_endpoint": "",
            "secondary_web_microsoft_host": "",
            "sftp_enabled": false,
            "share_properties": [
              {
                "cors_rule": [],
                "retention_policy": [
                  {
                    "days": 7
                  }
                ],
                "smb": []
              }
            ],
            "shared_access_key_enabled": true,
            "static_website": [],
            "table_encryption_key_type": "Service",
            "tags": {},
            "timeouts": null
          },
          "sensitive_attributes": [],
          "private": "eyJlMmJmYjczMC1lY2FhLTExZTYtOGY4OC0zNDM2M2JjN2M0YzAiOnsiY3JlYXRlIjozNjAwMDAwMDAwMDAwLCJkZWxldGUiOjM2MDAwMDAwMDAwMDAsInJlYWQiOjMwMDAwMDAwMDAwMCwidXBkYXRlIjozNjAwMDAwMDAwMDAwfSwic2NoZW1hX3ZlcnNpb24iOiI0In0=",
          "dependencies": [
            "module.Networking.azurerm_resource_group.RG1"
          ]
        }
      ]
    },
    {
      "module": "module.Networking",
      "mode": "managed",
      "type": "azurerm_subnet",
      "name": "app_subnet",
      "provider": "provider[\"registry.terraform.io/hashicorp/azurerm\"]",
      "instances": [
        {
          "schema_version": 0,
          "attributes": {
            "address_prefixes": [
              "10.0.1.0/24"
            ],
            "default_outbound_access_enabled": true,
            "delegation": [],
            "id": "/subscriptions/b98a4ecc-db16-46cc-9fdd-d725310cda6a/resourceGroups/RSARG/providers/Microsoft.Network/virtualNetworks/VN1/subnets/app-subnet",
            "name": "app-subnet",
            "private_endpoint_network_policies": "Disabled",
            "private_link_service_network_policies_enabled": true,
            "resource_group_name": "RSARG",
            "service_endpoint_policy_ids": [],
            "service_endpoints": [],
            "timeouts": null,
            "virtual_network_name": "VN1"
          },
          "sensitive_attributes": [],
          "private": "eyJlMmJmYjczMC1lY2FhLTExZTYtOGY4OC0zNDM2M2JjN2M0YzAiOnsiY3JlYXRlIjoxODAwMDAwMDAwMDAwLCJkZWxldGUiOjE4MDAwMDAwMDAwMDAsInJlYWQiOjMwMDAwMDAwMDAwMCwidXBkYXRlIjoxODAwMDAwMDAwMDAwfX0=",
          "dependencies": [
            "module.Networking.azurerm_network_security_group.NSG1",
            "module.Networking.azurerm_resource_group.RG1",
            "module.Networking.azurerm_virtual_network.VN1"
          ]
        }
      ]
    },
    {
      "module": "module.Networking",
      "mode": "managed",
      "type": "azurerm_subnet",
      "name": "bastion_subnet",
      "provider": "provider[\"registry.terraform.io/hashicorp/azurerm\"]",
      "instances": [
        {
          "schema_version": 0,
          "attributes": {
            "address_prefixes": [
              "10.0.2.0/24"
            ],
            "default_outbound_access_enabled": true,
            "delegation": [],
            "id": "/subscriptions/b98a4ecc-db16-46cc-9fdd-d725310cda6a/resourceGroups/RSARG/providers/Microsoft.Network/virtualNetworks/VN1/subnets/AzureBastionSubnet",
            "name": "AzureBastionSubnet",
            "private_endpoint_network_policies": "Disabled",
            "private_link_service_network_policies_enabled": true,
            "resource_group_name": "RSARG",
            "service_endpoint_policy_ids": [],
            "service_endpoints": [],
            "timeouts": null,
            "virtual_network_name": "VN1"
          },
          "sensitive_attributes": [],
          "private": "eyJlMmJmYjczMC1lY2FhLTExZTYtOGY4OC0zNDM2M2JjN2M0YzAiOnsiY3JlYXRlIjoxODAwMDAwMDAwMDAwLCJkZWxldGUiOjE4MDAwMDAwMDAwMDAsInJlYWQiOjMwMDAwMDAwMDAwMCwidXBkYXRlIjoxODAwMDAwMDAwMDAwfX0=",
          "dependencies": [
            "module.Networking.azurerm_network_security_group.NSG1",
            "module.Networking.azurerm_resource_group.RG1",
            "module.Networking.azurerm_virtual_network.VN1"
          ]
        }
      ]
    },
    {
      "module": "module.Networking",
      "mode": "managed",
      "type": "azurerm_subnet_network_security_group_association",
      "name": "app_subnet_nsg",
      "provider": "provider[\"registry.terraform.io/hashicorp/azurerm\"]",
      "instances": [
        {
          "schema_version": 0,
          "attributes": {
            "id": "/subscriptions/b98a4ecc-db16-46cc-9fdd-d725310cda6a/resourceGroups/RSARG/providers/Microsoft.Network/virtualNetworks/VN1/subnets/app-subnet",
            "network_security_group_id": "/subscriptions/b98a4ecc-db16-46cc-9fdd-d725310cda6a/resourceGroups/RSARG/providers/Microsoft.Network/networkSecurityGroups/apps-nsg",
            "subnet_id": "/subscriptions/b98a4ecc-db16-46cc-9fdd-d725310cda6a/resourceGroups/RSARG/providers/Microsoft.Network/virtualNetworks/VN1/subnets/app-subnet",
            "timeouts": null
          },
          "sensitive_attributes": [],
          "private": "eyJlMmJmYjczMC1lY2FhLTExZTYtOGY4OC0zNDM2M2JjN2M0YzAiOnsiY3JlYXRlIjoxODAwMDAwMDAwMDAwLCJkZWxldGUiOjE4MDAwMDAwMDAwMDAsInJlYWQiOjMwMDAwMDAwMDAwMH19",
          "dependencies": [
            "module.Networking.azurerm_network_security_group.NSG1",
            "module.Networking.azurerm_network_security_group.nsg_apps",
            "module.Networking.azurerm_resource_group.RG1",
            "module.Networking.azurerm_subnet.app_subnet",
            "module.Networking.azurerm_virtual_network.VN1"
          ]
        }
      ]
    },
    {
      "module": "module.Networking",
      "mode": "managed",
      "type": "azurerm_virtual_network",
      "name": "VN1",
      "provider": "provider[\"registry.terraform.io/hashicorp/azurerm\"]",
      "instances": [
        {
          "schema_version": 0,
          "attributes": {
            "address_space": [
              "10.0.0.0/16"
            ],
            "bgp_community": "",
            "ddos_protection_plan": [],
            "dns_servers": [],
            "edge_zone": "",
            "encryption": [],
            "flow_timeout_in_minutes": 0,
            "guid": "3214d275-9385-4fbc-bc02-393b36adf47e",
            "id": "/subscriptions/b98a4ecc-db16-46cc-9fdd-d725310cda6a/resourceGroups/RSARG/providers/Microsoft.Network/virtualNetworks/VN1",
            "location": "eastus",
            "name": "VN1",
            "private_endpoint_vnet_policies": "Disabled",
            "resource_group_name": "RSARG",
            "subnet": [
              {
                "address_prefixes": [
                  "10.0.0.0/24"
                ],
                "default_outbound_access_enabled": false,
                "delegation": [
                  {
                    "name": "delegation",
                    "service_delegation": [
                      {
                        "actions": [
                          "Microsoft.Network/virtualNetworks/subnets/action"
                        ],
                        "name": "Microsoft.Web/serverFarms"
                      }
                    ]
                  }
                ],
                "id": "/subscriptions/b98a4ecc-db16-46cc-9fdd-d725310cda6a/resourceGroups/RSARG/providers/Microsoft.Network/virtualNetworks/VN1/subnets/vnet_app_service_integration",
                "name": "vnet_app_service_integration",
                "private_endpoint_network_policies": "Disabled",
                "private_link_service_network_policies_enabled": true,
                "route_table_id": "",
                "security_group": "",
                "service_endpoint_policy_ids": [],
                "service_endpoints": []
              },
              {
                "address_prefixes": [
                  "10.0.1.0/24"
                ],
                "default_outbound_access_enabled": true,
                "delegation": [],
                "id": "/subscriptions/b98a4ecc-db16-46cc-9fdd-d725310cda6a/resourceGroups/RSARG/providers/Microsoft.Network/virtualNetworks/VN1/subnets/app-subnet",
                "name": "app-subnet",
                "private_endpoint_network_policies": "Disabled",
                "private_link_service_network_policies_enabled": true,
                "route_table_id": "",
                "security_group": "/subscriptions/b98a4ecc-db16-46cc-9fdd-d725310cda6a/resourceGroups/RSARG/providers/Microsoft.Network/networkSecurityGroups/apps-nsg",
                "service_endpoint_policy_ids": [],
                "service_endpoints": []
              },
              {
                "address_prefixes": [
                  "10.0.2.0/24"
                ],
                "default_outbound_access_enabled": true,
                "delegation": [],
                "id": "/subscriptions/b98a4ecc-db16-46cc-9fdd-d725310cda6a/resourceGroups/RSARG/providers/Microsoft.Network/virtualNetworks/VN1/subnets/AzureBastionSubnet",
                "name": "AzureBastionSubnet",
                "private_endpoint_network_policies": "Disabled",
                "private_link_service_network_policies_enabled": true,
                "route_table_id": "",
                "security_group": "",
                "service_endpoint_policy_ids": [],
                "service_endpoints": []
              }
            ],
            "tags": {},
            "timeouts": null
          },
          "sensitive_attributes": [],
          "private": "eyJlMmJmYjczMC1lY2FhLTExZTYtOGY4OC0zNDM2M2JjN2M0YzAiOnsiY3JlYXRlIjoxODAwMDAwMDAwMDAwLCJkZWxldGUiOjE4MDAwMDAwMDAwMDAsInJlYWQiOjMwMDAwMDAwMDAwMCwidXBkYXRlIjoxODAwMDAwMDAwMDAwfX0=",
          "dependencies": [
            "module.Networking.azurerm_network_security_group.NSG1",
            "module.Networking.azurerm_resource_group.RG1"
          ]
        }
      ]
    },
    {
      "module": "module.Networking",
      "mode": "managed",
      "type": "azurerm_windows_virtual_machine",
      "name": "windows_vm",
      "provider": "provider[\"registry.terraform.io/hashicorp/azurerm\"]",
      "instances": [
        {
          "schema_version": 0,
          "attributes": {
            "additional_capabilities": [],
            "additional_unattend_content": [],
            "admin_password": "P@ssword1234!",
            "admin_username": "azureuser",
            "allow_extension_operations": true,
            "availability_set_id": "",
            "boot_diagnostics": [],
            "bypass_platform_safety_checks_on_user_schedule_enabled": false,
            "capacity_reservation_group_id": "",
            "computer_name": "windows-vm",
            "custom_data": null,
            "dedicated_host_group_id": "",
            "dedicated_host_id": "",
            "disk_controller_type": "",
            "edge_zone": "",
            "enable_automatic_updates": true,
            "encryption_at_host_enabled": false,
            "eviction_policy": "",
            "extensions_time_budget": "PT1H30M",
            "gallery_application": [],
            "hotpatching_enabled": false,
            "id": "/subscriptions/b98a4ecc-db16-46cc-9fdd-d725310cda6a/resourceGroups/RSARG/providers/Microsoft.Compute/virtualMachines/windows-vm",
            "identity": [],
            "license_type": "",
            "location": "eastus",
            "max_bid_price": -1,
            "name": "windows-vm",
            "network_interface_ids": [
              "/subscriptions/b98a4ecc-db16-46cc-9fdd-d725310cda6a/resourceGroups/RSARG/providers/Microsoft.Network/networkInterfaces/windows-vm-nic"
            ],
            "os_disk": [
              {
                "caching": "ReadWrite",
                "diff_disk_settings": [],
                "disk_encryption_set_id": "",
                "disk_size_gb": 127,
                "id": "/subscriptions/b98a4ecc-db16-46cc-9fdd-d725310cda6a/resourceGroups/RSARG/providers/Microsoft.Compute/disks/windows-vm_OsDisk_1_fc5f59f21a514a0fbb4198b913091597",
                "name": "windows-vm_OsDisk_1_fc5f59f21a514a0fbb4198b913091597",
                "secure_vm_disk_encryption_set_id": "",
                "security_encryption_type": "",
                "storage_account_type": "Standard_LRS",
                "write_accelerator_enabled": false
              }
            ],
            "os_image_notification": [],
            "patch_assessment_mode": "ImageDefault",
            "patch_mode": "AutomaticByOS",
            "plan": [],
            "platform_fault_domain": -1,
            "priority": "Regular",
            "private_ip_address": "10.0.1.5",
            "private_ip_addresses": [
              "10.0.1.5"
            ],
            "provision_vm_agent": true,
            "proximity_placement_group_id": "",
            "public_ip_address": "",
            "public_ip_addresses": [],
            "reboot_setting": "",
            "resource_group_name": "RSARG",
            "secret": [],
            "secure_boot_enabled": false,
            "size": "Standard_D4_v5",
            "source_image_id": "",
            "source_image_reference": [
              {
                "offer": "WindowsServer",
                "publisher": "MicrosoftWindowsServer",
                "sku": "2019-Datacenter",
                "version": "latest"
              }
            ],
            "tags": {},
            "termination_notification": [],
            "timeouts": null,
            "timezone": "",
            "user_data": "",
            "virtual_machine_id": "3cd31d24-c90d-48b5-96ab-3da1d0120c1b",
            "virtual_machine_scale_set_id": "",
            "vm_agent_platform_updates_enabled": true,
            "vtpm_enabled": false,
            "winrm_listener": [],
            "zone": ""
          },
          "sensitive_attributes": [],
          "private": "eyJlMmJmYjczMC1lY2FhLTExZTYtOGY4OC0zNDM2M2JjN2M0YzAiOnsiY3JlYXRlIjoyNzAwMDAwMDAwMDAwLCJkZWxldGUiOjI3MDAwMDAwMDAwMDAsInJlYWQiOjMwMDAwMDAwMDAwMCwidXBkYXRlIjoyNzAwMDAwMDAwMDAwfX0=",
          "dependencies": [
            "module.Networking.azurerm_bastion_host.bastion",
            "module.Networking.azurerm_network_interface.vm_nic",
            "module.Networking.azurerm_public_ip.bastionIP",
            "module.Networking.azurerm_subnet.app_subnet",
            "module.Networking.azurerm_subnet.bastion_subnet"
          ]
        }
      ]
    }
  ],
  "check_results": null
}
